
Microsoft Visual Studio Solution File, Format Version 12.00
# Visual Studio Version 17
VisualStudioVersion = 17.0.31612.314
MinimumVisualStudioVersion = 10.0.40219.1
Project("{2150E333-8FDC-42A3-9474-1A3956D46DE8}") = "IdentityServer", "IdentityServer", "{EAB14337-36EA-4949-A67C-A123687CCE53}"
EndProject
Project("{9A19103F-16F7-4668-BE54-9A1E7A4F7556}") = "Trip.Identity", "IdentityServer\Trip.Identity\Trip.Identity.csproj", "{8F376302-7552-4111-9AC8-96BC862251A2}"
EndProject
Project("{2150E333-8FDC-42A3-9474-1A3956D46DE8}") = "FeedsServer", "FeedsServer", "{D9EF26A0-FD32-4379-B063-1EA718D569C0}"
EndProject
Project("{9A19103F-16F7-4668-BE54-9A1E7A4F7556}") = "Trip.Feeds.Api", "FeedsServer\Trip.Feeds.Api\Trip.Feeds.Api.csproj", "{BBE3B686-831F-4640-BB25-4C1D941533B9}"
EndProject
Project("{2150E333-8FDC-42A3-9474-1A3956D46DE8}") = "ProfileService", "ProfileService", "{A452021C-57E9-4CD5-8B7D-B21B0AEF1E60}"
EndProject
Project("{2150E333-8FDC-42A3-9474-1A3956D46DE8}") = "CreatorService", "CreatorService", "{9DEE0885-A0D5-4092-9F05-3981195B7D2F}"
EndProject
Project("{9A19103F-16F7-4668-BE54-9A1E7A4F7556}") = "Trip.Creator.Api", "CreatorService\Trip.Creator.Api\Trip.Creator.Api.csproj", "{95B10157-EFBC-4433-8472-E3F7571D5A10}"
EndProject
Project("{9A19103F-16F7-4668-BE54-9A1E7A4F7556}") = "Trip.Profile.Api", "ProfileService\Trip.Profile.Api\Trip.Profile.Api.csproj", "{AA52BCEF-AA32-40B7-9EF8-1159651E05A5}"
EndProject
Project("{2150E333-8FDC-42A3-9474-1A3956D46DE8}") = "Core", "Core", "{1FE29296-3305-4CD7-B549-D5FBE24785F5}"
EndProject
Project("{2150E333-8FDC-42A3-9474-1A3956D46DE8}") = "Infrastructure", "Infrastructure", "{9C87C267-DED4-48CA-AACD-A12000146682}"
EndProject
Project("{2150E333-8FDC-42A3-9474-1A3956D46DE8}") = "Infrastructure", "Infrastructure", "{D70CBE7E-4808-44E6-B915-F0C254A6C046}"
EndProject
Project("{2150E333-8FDC-42A3-9474-1A3956D46DE8}") = "Core", "Core", "{3970AE55-3AF8-4DE5-B150-6CBEA3B5D95E}"
EndProject
Project("{9A19103F-16F7-4668-BE54-9A1E7A4F7556}") = "Trip.Profile.Application", "ProfileService\Core\Trip.Profile.Application\Trip.Profile.Application.csproj", "{8268528F-AB82-452C-9B56-816C769ECB90}"
EndProject
Project("{9A19103F-16F7-4668-BE54-9A1E7A4F7556}") = "Trip.Profile.Domain", "ProfileService\Core\Trip.Profile.Domain\Trip.Profile.Domain.csproj", "{8EEDBA5E-0435-442D-883A-E6202E1EE7E6}"
EndProject
Project("{9A19103F-16F7-4668-BE54-9A1E7A4F7556}") = "Trip.Profile.Persistance", "ProfileService\Infrastructure\Trip.Profile.Persistance\Trip.Profile.Persistance.csproj", "{295AFC4E-7F4D-4961-B246-6F95EDB04418}"
EndProject
Project("{2150E333-8FDC-42A3-9474-1A3956D46DE8}") = "Solution Items", "Solution Items", "{17B1396F-404E-4535-8815-FB84C0E91FA0}"
	ProjectSection(SolutionItems) = preProject
		docker-compose.yml = docker-compose.yml
		README.md = README.md
		Trip.Creator.Dockerfile = Trip.Creator.Dockerfile
		Trip.Feeds.Dockerfile = Trip.Feeds.Dockerfile
		Trip.Identity.Dockerfile = Trip.Identity.Dockerfile
		Trip.Profile.Dockerfile = Trip.Profile.Dockerfile
	EndProjectSection
EndProject
Project("{2150E333-8FDC-42A3-9474-1A3956D46DE8}") = "Common", "Common", "{86D7E192-98AA-4711-8866-8AACA8277E50}"
EndProject
Project("{9A19103F-16F7-4668-BE54-9A1E7A4F7556}") = "Trip.Application.Common", "Common\Trip.Application.Common\Trip.Application.Common.csproj", "{DD966541-EB58-49BA-8353-6EC28DAA2B1A}"
EndProject
Project("{9A19103F-16F7-4668-BE54-9A1E7A4F7556}") = "Trip.Infrastructure.Common", "Common\Trip.Infrastructure.Common\Trip.Infrastructure.Common.csproj", "{404E8259-4C93-4BC6-9F8E-D5FDF9FE62B4}"
EndProject
Project("{9A19103F-16F7-4668-BE54-9A1E7A4F7556}") = "Trip.Profile.Messaging", "ProfileService\Infrastructure\Trip.Profile.Messaging\Trip.Profile.Messaging.csproj", "{9C3789B1-ADC0-41EB-90F4-15045EF144D9}"
EndProject
Project("{9A19103F-16F7-4668-BE54-9A1E7A4F7556}") = "Trip.Domain.Common", "Common\Trip.Domain.Common\Trip.Domain.Common.csproj", "{EFCA3A4D-77AB-4703-880E-2412B313EA90}"
EndProject
Project("{2150E333-8FDC-42A3-9474-1A3956D46DE8}") = "Core", "Core", "{DA943508-6A38-4131-BE0F-6D4BC18120A1}"
EndProject
Project("{2150E333-8FDC-42A3-9474-1A3956D46DE8}") = "Infrastructure", "Infrastructure", "{A69A45EA-CBF5-43C0-87C6-A3D7E04E9054}"
EndProject
Project("{9A19103F-16F7-4668-BE54-9A1E7A4F7556}") = "Trip.Identity.Domain", "IdentityServer\Core\Trip.Identity.Domain\Trip.Identity.Domain.csproj", "{DA66575A-E74E-4793-BE01-7EF2756E9681}"
EndProject
Project("{9A19103F-16F7-4668-BE54-9A1E7A4F7556}") = "Trip.Identity.Messaging", "IdentityServer\Infrastructure\Trip.Identity.Messaging\Trip.Identity.Messaging.csproj", "{D496982A-4152-45B8-8092-3D48EB359D7A}"
EndProject
Project("{9A19103F-16F7-4668-BE54-9A1E7A4F7556}") = "Trip.Identity.Application", "IdentityServer\Core\Trip.Identity.Application\Trip.Identity.Application.csproj", "{8A18E4CB-7020-48CC-876D-789F70AD2FEA}"
EndProject
Project("{9A19103F-16F7-4668-BE54-9A1E7A4F7556}") = "Trip.Creator.Domain", "CreatorService\Core\Trip.Creator.Domain\Trip.Creator.Domain.csproj", "{E46A8F5F-15D1-4409-924C-51ACC3AE1341}"
EndProject
Project("{9A19103F-16F7-4668-BE54-9A1E7A4F7556}") = "Trip.Creator.Application", "CreatorService\Core\Trip.Creator.Application\Trip.Creator.Application.csproj", "{D46AAEE8-2E74-4D22-B36E-D61AE86F9B2B}"
EndProject
Project("{9A19103F-16F7-4668-BE54-9A1E7A4F7556}") = "Trip.Creator.Persistence", "CreatorService\Infrastructure\Trip.Creator.Persistence\Trip.Creator.Persistence.csproj", "{A7B3A11C-0B1C-44A2-852C-3416E08DA164}"
EndProject
Project("{9A19103F-16F7-4668-BE54-9A1E7A4F7556}") = "Trip.Creator.Messaging", "CreatorService\Infrastructure\Trip.Creator.Messaging\Trip.Creator.Messaging.csproj", "{49E7CB0D-D494-4438-99F4-9376A6F1B30E}"
EndProject
Project("{9A19103F-16F7-4668-BE54-9A1E7A4F7556}") = "Trip.Api.Common", "Common\Trip.Api.Common\Trip.Api.Common.csproj", "{8F231D56-CA11-4AEC-8EE7-C730FD165235}"
EndProject
Project("{9A19103F-16F7-4668-BE54-9A1E7A4F7556}") = "Trip.Identity.Persistence", "IdentityServer\Infrastructure\Trip.Identity.Persistence\Trip.Identity.Persistence.csproj", "{F91D93E6-4023-4A1B-B7A8-9602854458AB}"
EndProject
Project("{2150E333-8FDC-42A3-9474-1A3956D46DE8}") = "Core", "Core", "{926089C4-6967-4007-B952-E902E0A4177C}"
EndProject
Project("{2150E333-8FDC-42A3-9474-1A3956D46DE8}") = "Infrastructure", "Infrastructure", "{8357DE24-FCCD-4E76-82A4-ECC93CB9B05D}"
EndProject
Project("{9A19103F-16F7-4668-BE54-9A1E7A4F7556}") = "Trip.Feeds.Domain", "FeedsServer\Core\Trip.Feeds.Domain\Trip.Feeds.Domain.csproj", "{A2B8D6B8-6C1E-48E0-8E0A-530449C6502B}"
EndProject
Project("{9A19103F-16F7-4668-BE54-9A1E7A4F7556}") = "Trip.Feeds.Persistence", "FeedsServer\Infrastructure\Trip.Feeds.Persistence\Trip.Feeds.Persistence.csproj", "{633B2DD4-A1FE-4E5A-96F3-18CFC4578E20}"
EndProject
Project("{2150E333-8FDC-42A3-9474-1A3956D46DE8}") = "Client", "Client", "{330CE834-BF6A-4AB9-A0EC-46D1C6AE8B49}"
EndProject
Project("{9A19103F-16F7-4668-BE54-9A1E7A4F7556}") = "Tripper.UI", "Client\Tripper.UI\Tripper.UI.csproj", "{C6FB39DD-D13D-4EDA-8304-8E0DC95E1475}"
EndProject
Project("{2150E333-8FDC-42A3-9474-1A3956D46DE8}") = "_docs", "_docs", "{047753EF-72B2-4D8D-92CB-20D8B1064B56}"
EndProject
Project("{2150E333-8FDC-42A3-9474-1A3956D46DE8}") = "images", "images", "{F9C795AE-1510-48AE-A824-5AE4701B58A4}"
	ProjectSection(SolutionItems) = preProject
		_docs\images\admin_panel.jpg = _docs\images\admin_panel.jpg
		_docs\images\clean.png = _docs\images\clean.png
		_docs\images\Screenshot 2021-09-05 125038.jpg = _docs\images\Screenshot 2021-09-05 125038.jpg
	EndProjectSection
EndProject
Project("{9A19103F-16F7-4668-BE54-9A1E7A4F7556}") = "Trip.Feeds.Application", "FeedsServer\Core\Trip.Feeds.Application\Trip.Feeds.Application.csproj", "{3A55082A-05F9-4021-89DA-352F14E7902E}"
EndProject
Project("{9A19103F-16F7-4668-BE54-9A1E7A4F7556}") = "Trip.Feeds.Messaging", "FeedsServer\Infrastructure\Trip.Feeds.Messaging\Trip.Feeds.Messaging.csproj", "{375AFDB8-BAFD-47CD-A211-29D91DE80DC0}"
EndProject
Global
	GlobalSection(SolutionConfigurationPlatforms) = preSolution
		Debug|Any CPU = Debug|Any CPU
		Release|Any CPU = Release|Any CPU
	EndGlobalSection
	GlobalSection(ProjectConfigurationPlatforms) = postSolution
		{8F376302-7552-4111-9AC8-96BC862251A2}.Debug|Any CPU.ActiveCfg = Debug|Any CPU
		{8F376302-7552-4111-9AC8-96BC862251A2}.Debug|Any CPU.Build.0 = Debug|Any CPU
		{8F376302-7552-4111-9AC8-96BC862251A2}.Release|Any CPU.ActiveCfg = Release|Any CPU
		{8F376302-7552-4111-9AC8-96BC862251A2}.Release|Any CPU.Build.0 = Release|Any CPU
		{BBE3B686-831F-4640-BB25-4C1D941533B9}.Debug|Any CPU.ActiveCfg = Debug|Any CPU
		{BBE3B686-831F-4640-BB25-4C1D941533B9}.Debug|Any CPU.Build.0 = Debug|Any CPU
		{BBE3B686-831F-4640-BB25-4C1D941533B9}.Release|Any CPU.ActiveCfg = Release|Any CPU
		{BBE3B686-831F-4640-BB25-4C1D941533B9}.Release|Any CPU.Build.0 = Release|Any CPU
		{95B10157-EFBC-4433-8472-E3F7571D5A10}.Debug|Any CPU.ActiveCfg = Debug|Any CPU
		{95B10157-EFBC-4433-8472-E3F7571D5A10}.Debug|Any CPU.Build.0 = Debug|Any CPU
		{95B10157-EFBC-4433-8472-E3F7571D5A10}.Release|Any CPU.ActiveCfg = Release|Any CPU
		{95B10157-EFBC-4433-8472-E3F7571D5A10}.Release|Any CPU.Build.0 = Release|Any CPU
		{AA52BCEF-AA32-40B7-9EF8-1159651E05A5}.Debug|Any CPU.ActiveCfg = Debug|Any CPU
		{AA52BCEF-AA32-40B7-9EF8-1159651E05A5}.Debug|Any CPU.Build.0 = Debug|Any CPU
		{AA52BCEF-AA32-40B7-9EF8-1159651E05A5}.Release|Any CPU.ActiveCfg = Release|Any CPU
		{AA52BCEF-AA32-40B7-9EF8-1159651E05A5}.Release|Any CPU.Build.0 = Release|Any CPU
		{8268528F-AB82-452C-9B56-816C769ECB90}.Debug|Any CPU.ActiveCfg = Debug|Any CPU
		{8268528F-AB82-452C-9B56-816C769ECB90}.Debug|Any CPU.Build.0 = Debug|Any CPU
		{8268528F-AB82-452C-9B56-816C769ECB90}.Release|Any CPU.ActiveCfg = Release|Any CPU
		{8268528F-AB82-452C-9B56-816C769ECB90}.Release|Any CPU.Build.0 = Release|Any CPU
		{8EEDBA5E-0435-442D-883A-E6202E1EE7E6}.Debug|Any CPU.ActiveCfg = Debug|Any CPU
		{8EEDBA5E-0435-442D-883A-E6202E1EE7E6}.Debug|Any CPU.Build.0 = Debug|Any CPU
		{8EEDBA5E-0435-442D-883A-E6202E1EE7E6}.Release|Any CPU.ActiveCfg = Release|Any CPU
		{8EEDBA5E-0435-442D-883A-E6202E1EE7E6}.Release|Any CPU.Build.0 = Release|Any CPU
		{295AFC4E-7F4D-4961-B246-6F95EDB04418}.Debug|Any CPU.ActiveCfg = Debug|Any CPU
		{295AFC4E-7F4D-4961-B246-6F95EDB04418}.Debug|Any CPU.Build.0 = Debug|Any CPU
		{295AFC4E-7F4D-4961-B246-6F95EDB04418}.Release|Any CPU.ActiveCfg = Release|Any CPU
		{295AFC4E-7F4D-4961-B246-6F95EDB04418}.Release|Any CPU.Build.0 = Release|Any CPU
		{DD966541-EB58-49BA-8353-6EC28DAA2B1A}.Debug|Any CPU.ActiveCfg = Debug|Any CPU
		{DD966541-EB58-49BA-8353-6EC28DAA2B1A}.Debug|Any CPU.Build.0 = Debug|Any CPU
		{DD966541-EB58-49BA-8353-6EC28DAA2B1A}.Release|Any CPU.ActiveCfg = Release|Any CPU
		{DD966541-EB58-49BA-8353-6EC28DAA2B1A}.Release|Any CPU.Build.0 = Release|Any CPU
		{404E8259-4C93-4BC6-9F8E-D5FDF9FE62B4}.Debug|Any CPU.ActiveCfg = Debug|Any CPU
		{404E8259-4C93-4BC6-9F8E-D5FDF9FE62B4}.Debug|Any CPU.Build.0 = Debug|Any CPU
		{404E8259-4C93-4BC6-9F8E-D5FDF9FE62B4}.Release|Any CPU.ActiveCfg = Release|Any CPU
		{404E8259-4C93-4BC6-9F8E-D5FDF9FE62B4}.Release|Any CPU.Build.0 = Release|Any CPU
		{9C3789B1-ADC0-41EB-90F4-15045EF144D9}.Debug|Any CPU.ActiveCfg = Debug|Any CPU
		{9C3789B1-ADC0-41EB-90F4-15045EF144D9}.Debug|Any CPU.Build.0 = Debug|Any CPU
		{9C3789B1-ADC0-41EB-90F4-15045EF144D9}.Release|Any CPU.ActiveCfg = Release|Any CPU
		{9C3789B1-ADC0-41EB-90F4-15045EF144D9}.Release|Any CPU.Build.0 = Release|Any CPU
		{EFCA3A4D-77AB-4703-880E-2412B313EA90}.Debug|Any CPU.ActiveCfg = Debug|Any CPU
		{EFCA3A4D-77AB-4703-880E-2412B313EA90}.Debug|Any CPU.Build.0 = Debug|Any CPU
		{EFCA3A4D-77AB-4703-880E-2412B313EA90}.Release|Any CPU.ActiveCfg = Release|Any CPU
		{EFCA3A4D-77AB-4703-880E-2412B313EA90}.Release|Any CPU.Build.0 = Release|Any CPU
		{DA66575A-E74E-4793-BE01-7EF2756E9681}.Debug|Any CPU.ActiveCfg = Debug|Any CPU
		{DA66575A-E74E-4793-BE01-7EF2756E9681}.Debug|Any CPU.Build.0 = Debug|Any CPU
		{DA66575A-E74E-4793-BE01-7EF2756E9681}.Release|Any CPU.ActiveCfg = Release|Any CPU
		{DA66575A-E74E-4793-BE01-7EF2756E9681}.Release|Any CPU.Build.0 = Release|Any CPU
		{D496982A-4152-45B8-8092-3D48EB359D7A}.Debug|Any CPU.ActiveCfg = Debug|Any CPU
		{D496982A-4152-45B8-8092-3D48EB359D7A}.Debug|Any CPU.Build.0 = Debug|Any CPU
		{D496982A-4152-45B8-8092-3D48EB359D7A}.Release|Any CPU.ActiveCfg = Release|Any CPU
		{D496982A-4152-45B8-8092-3D48EB359D7A}.Release|Any CPU.Build.0 = Release|Any CPU
		{8A18E4CB-7020-48CC-876D-789F70AD2FEA}.Debug|Any CPU.ActiveCfg = Debug|Any CPU
		{8A18E4CB-7020-48CC-876D-789F70AD2FEA}.Debug|Any CPU.Build.0 = Debug|Any CPU
		{8A18E4CB-7020-48CC-876D-789F70AD2FEA}.Release|Any CPU.ActiveCfg = Release|Any CPU
		{8A18E4CB-7020-48CC-876D-789F70AD2FEA}.Release|Any CPU.Build.0 = Release|Any CPU
		{E46A8F5F-15D1-4409-924C-51ACC3AE1341}.Debug|Any CPU.ActiveCfg = Debug|Any CPU
		{E46A8F5F-15D1-4409-924C-51ACC3AE1341}.Debug|Any CPU.Build.0 = Debug|Any CPU
		{E46A8F5F-15D1-4409-924C-51ACC3AE1341}.Release|Any CPU.ActiveCfg = Release|Any CPU
		{E46A8F5F-15D1-4409-924C-51ACC3AE1341}.Release|Any CPU.Build.0 = Release|Any CPU
		{D46AAEE8-2E74-4D22-B36E-D61AE86F9B2B}.Debug|Any CPU.ActiveCfg = Debug|Any CPU
		{D46AAEE8-2E74-4D22-B36E-D61AE86F9B2B}.Debug|Any CPU.Build.0 = Debug|Any CPU
		{D46AAEE8-2E74-4D22-B36E-D61AE86F9B2B}.Release|Any CPU.ActiveCfg = Release|Any CPU
		{D46AAEE8-2E74-4D22-B36E-D61AE86F9B2B}.Release|Any CPU.Build.0 = Release|Any CPU
		{A7B3A11C-0B1C-44A2-852C-3416E08DA164}.Debug|Any CPU.ActiveCfg = Debug|Any CPU
		{A7B3A11C-0B1C-44A2-852C-3416E08DA164}.Debug|Any CPU.Build.0 = Debug|Any CPU
		{A7B3A11C-0B1C-44A2-852C-3416E08DA164}.Release|Any CPU.ActiveCfg = Release|Any CPU
		{A7B3A11C-0B1C-44A2-852C-3416E08DA164}.Release|Any CPU.Build.0 = Release|Any CPU
		{49E7CB0D-D494-4438-99F4-9376A6F1B30E}.Debug|Any CPU.ActiveCfg = Debug|Any CPU
		{49E7CB0D-D494-4438-99F4-9376A6F1B30E}.Debug|Any CPU.Build.0 = Debug|Any CPU
		{49E7CB0D-D494-4438-99F4-9376A6F1B30E}.Release|Any CPU.ActiveCfg = Release|Any CPU
		{49E7CB0D-D494-4438-99F4-9376A6F1B30E}.Release|Any CPU.Build.0 = Release|Any CPU
		{8F231D56-CA11-4AEC-8EE7-C730FD165235}.Debug|Any CPU.ActiveCfg = Debug|Any CPU
		{8F231D56-CA11-4AEC-8EE7-C730FD165235}.Debug|Any CPU.Build.0 = Debug|Any CPU
		{8F231D56-CA11-4AEC-8EE7-C730FD165235}.Release|Any CPU.ActiveCfg = Release|Any CPU
		{8F231D56-CA11-4AEC-8EE7-C730FD165235}.Release|Any CPU.Build.0 = Release|Any CPU
		{F91D93E6-4023-4A1B-B7A8-9602854458AB}.Debug|Any CPU.ActiveCfg = Debug|Any CPU
		{F91D93E6-4023-4A1B-B7A8-9602854458AB}.Debug|Any CPU.Build.0 = Debug|Any CPU
		{F91D93E6-4023-4A1B-B7A8-9602854458AB}.Release|Any CPU.ActiveCfg = Release|Any CPU
		{F91D93E6-4023-4A1B-B7A8-9602854458AB}.Release|Any CPU.Build.0 = Release|Any CPU
		{A2B8D6B8-6C1E-48E0-8E0A-530449C6502B}.Debug|Any CPU.ActiveCfg = Debug|Any CPU
		{A2B8D6B8-6C1E-48E0-8E0A-530449C6502B}.Debug|Any CPU.Build.0 = Debug|Any CPU
		{A2B8D6B8-6C1E-48E0-8E0A-530449C6502B}.Release|Any CPU.ActiveCfg = Release|Any CPU
		{A2B8D6B8-6C1E-48E0-8E0A-530449C6502B}.Release|Any CPU.Build.0 = Release|Any CPU
		{633B2DD4-A1FE-4E5A-96F3-18CFC4578E20}.Debug|Any CPU.ActiveCfg = Debug|Any CPU
		{633B2DD4-A1FE-4E5A-96F3-18CFC4578E20}.Debug|Any CPU.Build.0 = Debug|Any CPU
		{633B2DD4-A1FE-4E5A-96F3-18CFC4578E20}.Release|Any CPU.ActiveCfg = Release|Any CPU
		{633B2DD4-A1FE-4E5A-96F3-18CFC4578E20}.Release|Any CPU.Build.0 = Release|Any CPU
		{C6FB39DD-D13D-4EDA-8304-8E0DC95E1475}.Debug|Any CPU.ActiveCfg = Debug|Any CPU
		{C6FB39DD-D13D-4EDA-8304-8E0DC95E1475}.Debug|Any CPU.Build.0 = Debug|Any CPU
		{C6FB39DD-D13D-4EDA-8304-8E0DC95E1475}.Release|Any CPU.ActiveCfg = Release|Any CPU
		{C6FB39DD-D13D-4EDA-8304-8E0DC95E1475}.Release|Any CPU.Build.0 = Release|Any CPU
		{3A55082A-05F9-4021-89DA-352F14E7902E}.Debug|Any CPU.ActiveCfg = Debug|Any CPU
		{3A55082A-05F9-4021-89DA-352F14E7902E}.Debug|Any CPU.Build.0 = Debug|Any CPU
		{3A55082A-05F9-4021-89DA-352F14E7902E}.Release|Any CPU.ActiveCfg = Release|Any CPU
		{3A55082A-05F9-4021-89DA-352F14E7902E}.Release|Any CPU.Build.0 = Release|Any CPU
		{375AFDB8-BAFD-47CD-A211-29D91DE80DC0}.Debug|Any CPU.ActiveCfg = Debug|Any CPU
		{375AFDB8-BAFD-47CD-A211-29D91DE80DC0}.Debug|Any CPU.Build.0 = Debug|Any CPU
		{375AFDB8-BAFD-47CD-A211-29D91DE80DC0}.Release|Any CPU.ActiveCfg = Release|Any CPU
		{375AFDB8-BAFD-47CD-A211-29D91DE80DC0}.Release|Any CPU.Build.0 = Release|Any CPU
	EndGlobalSection
	GlobalSection(SolutionProperties) = preSolution
		HideSolutionNode = FALSE
	EndGlobalSection
	GlobalSection(NestedProjects) = preSolution
		{8F376302-7552-4111-9AC8-96BC862251A2} = {EAB14337-36EA-4949-A67C-A123687CCE53}
		{BBE3B686-831F-4640-BB25-4C1D941533B9} = {D9EF26A0-FD32-4379-B063-1EA718D569C0}
		{95B10157-EFBC-4433-8472-E3F7571D5A10} = {9DEE0885-A0D5-4092-9F05-3981195B7D2F}
		{AA52BCEF-AA32-40B7-9EF8-1159651E05A5} = {A452021C-57E9-4CD5-8B7D-B21B0AEF1E60}
		{1FE29296-3305-4CD7-B549-D5FBE24785F5} = {9DEE0885-A0D5-4092-9F05-3981195B7D2F}
		{9C87C267-DED4-48CA-AACD-A12000146682} = {9DEE0885-A0D5-4092-9F05-3981195B7D2F}
		{D70CBE7E-4808-44E6-B915-F0C254A6C046} = {A452021C-57E9-4CD5-8B7D-B21B0AEF1E60}
		{3970AE55-3AF8-4DE5-B150-6CBEA3B5D95E} = {A452021C-57E9-4CD5-8B7D-B21B0AEF1E60}
		{8268528F-AB82-452C-9B56-816C769ECB90} = {3970AE55-3AF8-4DE5-B150-6CBEA3B5D95E}
		{8EEDBA5E-0435-442D-883A-E6202E1EE7E6} = {3970AE55-3AF8-4DE5-B150-6CBEA3B5D95E}
		{295AFC4E-7F4D-4961-B246-6F95EDB04418} = {D70CBE7E-4808-44E6-B915-F0C254A6C046}
		{DD966541-EB58-49BA-8353-6EC28DAA2B1A} = {86D7E192-98AA-4711-8866-8AACA8277E50}
		{404E8259-4C93-4BC6-9F8E-D5FDF9FE62B4} = {86D7E192-98AA-4711-8866-8AACA8277E50}
		{9C3789B1-ADC0-41EB-90F4-15045EF144D9} = {D70CBE7E-4808-44E6-B915-F0C254A6C046}
		{EFCA3A4D-77AB-4703-880E-2412B313EA90} = {86D7E192-98AA-4711-8866-8AACA8277E50}
		{DA943508-6A38-4131-BE0F-6D4BC18120A1} = {EAB14337-36EA-4949-A67C-A123687CCE53}
		{A69A45EA-CBF5-43C0-87C6-A3D7E04E9054} = {EAB14337-36EA-4949-A67C-A123687CCE53}
		{DA66575A-E74E-4793-BE01-7EF2756E9681} = {DA943508-6A38-4131-BE0F-6D4BC18120A1}
		{D496982A-4152-45B8-8092-3D48EB359D7A} = {A69A45EA-CBF5-43C0-87C6-A3D7E04E9054}
		{8A18E4CB-7020-48CC-876D-789F70AD2FEA} = {DA943508-6A38-4131-BE0F-6D4BC18120A1}
		{E46A8F5F-15D1-4409-924C-51ACC3AE1341} = {1FE29296-3305-4CD7-B549-D5FBE24785F5}
		{D46AAEE8-2E74-4D22-B36E-D61AE86F9B2B} = {1FE29296-3305-4CD7-B549-D5FBE24785F5}
		{A7B3A11C-0B1C-44A2-852C-3416E08DA164} = {9C87C267-DED4-48CA-AACD-A12000146682}
		{49E7CB0D-D494-4438-99F4-9376A6F1B30E} = {9C87C267-DED4-48CA-AACD-A12000146682}
		{8F231D56-CA11-4AEC-8EE7-C730FD165235} = {86D7E192-98AA-4711-8866-8AACA8277E50}
		{F91D93E6-4023-4A1B-B7A8-9602854458AB} = {A69A45EA-CBF5-43C0-87C6-A3D7E04E9054}
		{926089C4-6967-4007-B952-E902E0A4177C} = {D9EF26A0-FD32-4379-B063-1EA718D569C0}
		{8357DE24-FCCD-4E76-82A4-ECC93CB9B05D} = {D9EF26A0-FD32-4379-B063-1EA718D569C0}
		{A2B8D6B8-6C1E-48E0-8E0A-530449C6502B} = {926089C4-6967-4007-B952-E902E0A4177C}
		{633B2DD4-A1FE-4E5A-96F3-18CFC4578E20} = {8357DE24-FCCD-4E76-82A4-ECC93CB9B05D}
		{C6FB39DD-D13D-4EDA-8304-8E0DC95E1475} = {330CE834-BF6A-4AB9-A0EC-46D1C6AE8B49}
		{F9C795AE-1510-48AE-A824-5AE4701B58A4} = {047753EF-72B2-4D8D-92CB-20D8B1064B56}
		{3A55082A-05F9-4021-89DA-352F14E7902E} = {926089C4-6967-4007-B952-E902E0A4177C}
		{375AFDB8-BAFD-47CD-A211-29D91DE80DC0} = {8357DE24-FCCD-4E76-82A4-ECC93CB9B05D}
	EndGlobalSection
	GlobalSection(ExtensibilityGlobals) = postSolution
		SolutionGuid = {68F2BE62-8316-4373-849B-9A019F3CF5E6}
	EndGlobalSection
EndGlobal
